// !$*UTF8*$!
{
	archiveVersion = 1;
	classes = {
	};
	objectVersion = 46;
	objects = {

/* Begin PBXBuildFile section */
		791D86B41AEEEF2A00BCF9AA /* FLLocalStorageUtils.swift in Sources */ = {isa = PBXBuildFile; fileRef = 791D86B31AEEEF2A00BCF9AA /* FLLocalStorageUtils.swift */; };
		791D86B61AEEEFCC00BCF9AA /* FLHTTPUtils.swift in Sources */ = {isa = PBXBuildFile; fileRef = 791D86B51AEEEFCC00BCF9AA /* FLHTTPUtils.swift */; };
		791D86B81AEF03C300BCF9AA /* NTMNextbus.swift in Sources */ = {isa = PBXBuildFile; fileRef = 791D86B71AEF03C300BCF9AA /* NTMNextbus.swift */; };
		791D86C21AEF4E9600BCF9AA /* NTTblCellBookmarks.swift in Sources */ = {isa = PBXBuildFile; fileRef = 791D86C11AEF4E9600BCF9AA /* NTTblCellBookmarks.swift */; };
		792434441AF084B300B3E256 /* NTTblCellRoutes.swift in Sources */ = {isa = PBXBuildFile; fileRef = 792434421AF084B300B3E256 /* NTTblCellRoutes.swift */; };
		792434451AF084B300B3E256 /* NTVCRouteSelector.swift in Sources */ = {isa = PBXBuildFile; fileRef = 792434431AF084B300B3E256 /* NTVCRouteSelector.swift */; };
		792434481AF0856000B3E256 /* NTVCStopSelector.swift in Sources */ = {isa = PBXBuildFile; fileRef = 792434471AF0856000B3E256 /* NTVCStopSelector.swift */; };
		7924344A1AF0856E00B3E256 /* NTTblCellStops.swift in Sources */ = {isa = PBXBuildFile; fileRef = 792434491AF0856E00B3E256 /* NTTblCellStops.swift */; };
		7924344D1AF08D4000B3E256 /* NTVCAbout.swift in Sources */ = {isa = PBXBuildFile; fileRef = 7924344C1AF08D4000B3E256 /* NTVCAbout.swift */; };
		7924345F1AF0B78000B3E256 /* Nextbus Tracker WatchKit App.app in Resources */ = {isa = PBXBuildFile; fileRef = 7924345E1AF0B78000B3E256 /* Nextbus Tracker WatchKit App.app */; };
		7924346C1AF0B78000B3E256 /* Nextbus Tracker WatchKit Extension.appex in Embed App Extensions */ = {isa = PBXBuildFile; fileRef = 792434521AF0B78000B3E256 /* Nextbus Tracker WatchKit Extension.appex */; settings = {ATTRIBUTES = (RemoveHeadersOnCopy, ); }; };
		7924347B1AF0B82700B3E256 /* Images.xcassets in Resources */ = {isa = PBXBuildFile; fileRef = 792434751AF0B82700B3E256 /* Images.xcassets */; };
		7924347C1AF0B82700B3E256 /* GlanceController.swift in Sources */ = {isa = PBXBuildFile; fileRef = 792434771AF0B82700B3E256 /* GlanceController.swift */; };
		7924347D1AF0B82700B3E256 /* InterfaceController.swift in Sources */ = {isa = PBXBuildFile; fileRef = 792434781AF0B82700B3E256 /* InterfaceController.swift */; };
		792434851AF0B85700B3E256 /* Images.xcassets in Resources */ = {isa = PBXBuildFile; fileRef = 792434801AF0B85700B3E256 /* Images.xcassets */; };
		792434861AF0B85700B3E256 /* Interface.storyboard in Resources */ = {isa = PBXBuildFile; fileRef = 792434821AF0B85700B3E256 /* Interface.storyboard */; };
		7924348A1AF1463B00B3E256 /* NTTblRowStops.swift in Sources */ = {isa = PBXBuildFile; fileRef = 792434891AF1463B00B3E256 /* NTTblRowStops.swift */; };
		7941BCA51AEED37000DB88D7 /* NTVCBookmarks.swift in Sources */ = {isa = PBXBuildFile; fileRef = 7941BCA41AEED37000DB88D7 /* NTVCBookmarks.swift */; };
		797393D41AE99DA900CB1D32 /* Images.xcassets in Resources */ = {isa = PBXBuildFile; fileRef = 797393C91AE99DA900CB1D32 /* Images.xcassets */; };
		797393D51AE99DA900CB1D32 /* Main.storyboard in Resources */ = {isa = PBXBuildFile; fileRef = 797393CB1AE99DA900CB1D32 /* Main.storyboard */; };
		797393D61AE99DA900CB1D32 /* AppDelegate.swift in Sources */ = {isa = PBXBuildFile; fileRef = 797393CE1AE99DA900CB1D32 /* AppDelegate.swift */; };
		797393DA1AE99DDB00CB1D32 /* Launch Screen.xib in Resources */ = {isa = PBXBuildFile; fileRef = 797393D91AE99DDB00CB1D32 /* Launch Screen.xib */; };
		797D6EFF1AF0671C00596DCD /* XMLDictionary.m in Sources */ = {isa = PBXBuildFile; fileRef = 797D6EFE1AF0671C00596DCD /* XMLDictionary.m */; };
		797D6F011AF0673100596DCD /* NTGlobal.swift in Sources */ = {isa = PBXBuildFile; fileRef = 797D6F001AF0673100596DCD /* NTGlobal.swift */; };
		79EFD8B81AF175FF00324A10 /* iTunesArtwork in Resources */ = {isa = PBXBuildFile; fileRef = 79EFD8B71AF175FF00324A10 /* iTunesArtwork */; };
		79EFD8C51AF19E0900324A10 /* libGoogleAnalyticsServices.a in Frameworks */ = {isa = PBXBuildFile; fileRef = 79EFD8C41AF19E0900324A10 /* libGoogleAnalyticsServices.a */; };
		79EFD8C71AF19F0400324A10 /* CoreData.framework in Frameworks */ = {isa = PBXBuildFile; fileRef = 79EFD8C61AF19F0400324A10 /* CoreData.framework */; };
		79EFD8C91AF19F0C00324A10 /* SystemConfiguration.framework in Frameworks */ = {isa = PBXBuildFile; fileRef = 79EFD8C81AF19F0C00324A10 /* SystemConfiguration.framework */; };
		79EFD8CB1AF19F1400324A10 /* libz.dylib in Frameworks */ = {isa = PBXBuildFile; fileRef = 79EFD8CA1AF19F1400324A10 /* libz.dylib */; };
		79EFD8CD1AF19F1B00324A10 /* libsqlite3.dylib in Frameworks */ = {isa = PBXBuildFile; fileRef = 79EFD8CC1AF19F1B00324A10 /* libsqlite3.dylib */; };
/* End PBXBuildFile section */

/* Begin PBXContainerItemProxy section */
		792434601AF0B78000B3E256 /* PBXContainerItemProxy */ = {
			isa = PBXContainerItemProxy;
			containerPortal = 797393991AE99C7200CB1D32 /* Project object */;
			proxyType = 1;
			remoteGlobalIDString = 7924345D1AF0B78000B3E256;
			remoteInfo = "Nextbus Tracker WatchKit App";
		};
		7924346A1AF0B78000B3E256 /* PBXContainerItemProxy */ = {
			isa = PBXContainerItemProxy;
			containerPortal = 797393991AE99C7200CB1D32 /* Project object */;
			proxyType = 1;
			remoteGlobalIDString = 792434511AF0B78000B3E256;
			remoteInfo = "Nextbus Tracker WatchKit Extension";
		};
/* End PBXContainerItemProxy section */

/* Begin PBXCopyFilesBuildPhase section */
		792434731AF0B78100B3E256 /* Embed App Extensions */ = {
			isa = PBXCopyFilesBuildPhase;
			buildActionMask = 2147483647;
			dstPath = "";
			dstSubfolderSpec = 13;
			files = (
				7924346C1AF0B78000B3E256 /* Nextbus Tracker WatchKit Extension.appex in Embed App Extensions */,
			);
			name = "Embed App Extensions";
			runOnlyForDeploymentPostprocessing = 0;
		};
/* End PBXCopyFilesBuildPhase section */

/* Begin PBXFileReference section */
		791D86B31AEEEF2A00BCF9AA /* FLLocalStorageUtils.swift */ = {isa = PBXFileReference; fileEncoding = 4; lastKnownFileType = sourcecode.swift; path = FLLocalStorageUtils.swift; sourceTree = "<group>"; };
		791D86B51AEEEFCC00BCF9AA /* FLHTTPUtils.swift */ = {isa = PBXFileReference; fileEncoding = 4; lastKnownFileType = sourcecode.swift; path = FLHTTPUtils.swift; sourceTree = "<group>"; };
		791D86B71AEF03C300BCF9AA /* NTMNextbus.swift */ = {isa = PBXFileReference; fileEncoding = 4; lastKnownFileType = sourcecode.swift; path = NTMNextbus.swift; sourceTree = "<group>"; };
		791D86C01AEF3E1800BCF9AA /* nextbus-tracker-Bridging-Header.h */ = {isa = PBXFileReference; fileEncoding = 4; lastKnownFileType = sourcecode.c.h; path = "nextbus-tracker-Bridging-Header.h"; sourceTree = "<group>"; };
		791D86C11AEF4E9600BCF9AA /* NTTblCellBookmarks.swift */ = {isa = PBXFileReference; fileEncoding = 4; lastKnownFileType = sourcecode.swift; path = NTTblCellBookmarks.swift; sourceTree = "<group>"; };
		792434421AF084B300B3E256 /* NTTblCellRoutes.swift */ = {isa = PBXFileReference; fileEncoding = 4; lastKnownFileType = sourcecode.swift; path = NTTblCellRoutes.swift; sourceTree = "<group>"; };
		792434431AF084B300B3E256 /* NTVCRouteSelector.swift */ = {isa = PBXFileReference; fileEncoding = 4; lastKnownFileType = sourcecode.swift; path = NTVCRouteSelector.swift; sourceTree = "<group>"; };
		792434471AF0856000B3E256 /* NTVCStopSelector.swift */ = {isa = PBXFileReference; fileEncoding = 4; lastKnownFileType = sourcecode.swift; path = NTVCStopSelector.swift; sourceTree = "<group>"; };
		792434491AF0856E00B3E256 /* NTTblCellStops.swift */ = {isa = PBXFileReference; fileEncoding = 4; lastKnownFileType = sourcecode.swift; path = NTTblCellStops.swift; sourceTree = "<group>"; };
		7924344C1AF08D4000B3E256 /* NTVCAbout.swift */ = {isa = PBXFileReference; fileEncoding = 4; lastKnownFileType = sourcecode.swift; path = NTVCAbout.swift; sourceTree = "<group>"; };
		792434521AF0B78000B3E256 /* Nextbus Tracker WatchKit Extension.appex */ = {isa = PBXFileReference; explicitFileType = "wrapper.app-extension"; includeInIndex = 0; path = "Nextbus Tracker WatchKit Extension.appex"; sourceTree = BUILT_PRODUCTS_DIR; };
		7924345E1AF0B78000B3E256 /* Nextbus Tracker WatchKit App.app */ = {isa = PBXFileReference; explicitFileType = wrapper.application; includeInIndex = 0; path = "Nextbus Tracker WatchKit App.app"; sourceTree = BUILT_PRODUCTS_DIR; };
		792434751AF0B82700B3E256 /* Images.xcassets */ = {isa = PBXFileReference; lastKnownFileType = folder.assetcatalog; path = Images.xcassets; sourceTree = "<group>"; };
		792434771AF0B82700B3E256 /* GlanceController.swift */ = {isa = PBXFileReference; fileEncoding = 4; lastKnownFileType = sourcecode.swift; path = GlanceController.swift; sourceTree = "<group>"; };
		792434781AF0B82700B3E256 /* InterfaceController.swift */ = {isa = PBXFileReference; fileEncoding = 4; lastKnownFileType = sourcecode.swift; path = InterfaceController.swift; sourceTree = "<group>"; };
		7924347A1AF0B82700B3E256 /* Info.plist */ = {isa = PBXFileReference; fileEncoding = 4; lastKnownFileType = text.plist.xml; path = Info.plist; sourceTree = "<group>"; };
		792434801AF0B85700B3E256 /* Images.xcassets */ = {isa = PBXFileReference; lastKnownFileType = folder.assetcatalog; path = Images.xcassets; sourceTree = "<group>"; };
		792434821AF0B85700B3E256 /* Interface.storyboard */ = {isa = PBXFileReference; fileEncoding = 4; lastKnownFileType = file.storyboard; path = Interface.storyboard; sourceTree = "<group>"; };
		792434881AF0B8D100B3E256 /* Info.plist */ = {isa = PBXFileReference; lastKnownFileType = text.plist.xml; path = Info.plist; sourceTree = "<group>"; };
		792434891AF1463B00B3E256 /* NTTblRowStops.swift */ = {isa = PBXFileReference; fileEncoding = 4; lastKnownFileType = sourcecode.swift; path = NTTblRowStops.swift; sourceTree = "<group>"; };
		7941BCA41AEED37000DB88D7 /* NTVCBookmarks.swift */ = {isa = PBXFileReference; fileEncoding = 4; lastKnownFileType = sourcecode.swift; path = NTVCBookmarks.swift; sourceTree = "<group>"; };
		797393A11AE99C7200CB1D32 /* nextbus-tracker.app */ = {isa = PBXFileReference; explicitFileType = wrapper.application; includeInIndex = 0; path = "nextbus-tracker.app"; sourceTree = BUILT_PRODUCTS_DIR; };
		797393C91AE99DA900CB1D32 /* Images.xcassets */ = {isa = PBXFileReference; lastKnownFileType = folder.assetcatalog; path = Images.xcassets; sourceTree = "<group>"; };
		797393CB1AE99DA900CB1D32 /* Main.storyboard */ = {isa = PBXFileReference; fileEncoding = 4; lastKnownFileType = file.storyboard; path = Main.storyboard; sourceTree = "<group>"; };
		797393CE1AE99DA900CB1D32 /* AppDelegate.swift */ = {isa = PBXFileReference; fileEncoding = 4; lastKnownFileType = sourcecode.swift; path = AppDelegate.swift; sourceTree = "<group>"; };
		797393D31AE99DA900CB1D32 /* Info.plist */ = {isa = PBXFileReference; fileEncoding = 4; lastKnownFileType = text.plist.xml; path = Info.plist; sourceTree = "<group>"; };
		797393D91AE99DDB00CB1D32 /* Launch Screen.xib */ = {isa = PBXFileReference; fileEncoding = 4; lastKnownFileType = file.xib; path = "Launch Screen.xib"; sourceTree = "<group>"; };
		797D6EFD1AF0671C00596DCD /* XMLDictionary.h */ = {isa = PBXFileReference; fileEncoding = 4; lastKnownFileType = sourcecode.c.h; path = XMLDictionary.h; sourceTree = "<group>"; };
		797D6EFE1AF0671C00596DCD /* XMLDictionary.m */ = {isa = PBXFileReference; fileEncoding = 4; lastKnownFileType = sourcecode.c.objc; path = XMLDictionary.m; sourceTree = "<group>"; };
		797D6F001AF0673100596DCD /* NTGlobal.swift */ = {isa = PBXFileReference; fileEncoding = 4; lastKnownFileType = sourcecode.swift; path = NTGlobal.swift; sourceTree = "<group>"; };
		79EFD8B71AF175FF00324A10 /* iTunesArtwork */ = {isa = PBXFileReference; lastKnownFileType = file; path = iTunesArtwork; sourceTree = "<group>"; };
		79EFD8BA1AF19E0900324A10 /* GAI.h */ = {isa = PBXFileReference; fileEncoding = 4; lastKnownFileType = sourcecode.c.h; path = GAI.h; sourceTree = "<group>"; };
		79EFD8BB1AF19E0900324A10 /* GAIDictionaryBuilder.h */ = {isa = PBXFileReference; fileEncoding = 4; lastKnownFileType = sourcecode.c.h; path = GAIDictionaryBuilder.h; sourceTree = "<group>"; };
		79EFD8BC1AF19E0900324A10 /* GAIEcommerceFields.h */ = {isa = PBXFileReference; fileEncoding = 4; lastKnownFileType = sourcecode.c.h; path = GAIEcommerceFields.h; sourceTree = "<group>"; };
		79EFD8BD1AF19E0900324A10 /* GAIEcommerceProduct.h */ = {isa = PBXFileReference; fileEncoding = 4; lastKnownFileType = sourcecode.c.h; path = GAIEcommerceProduct.h; sourceTree = "<group>"; };
		79EFD8BE1AF19E0900324A10 /* GAIEcommerceProductAction.h */ = {isa = PBXFileReference; fileEncoding = 4; lastKnownFileType = sourcecode.c.h; path = GAIEcommerceProductAction.h; sourceTree = "<group>"; };
		79EFD8BF1AF19E0900324A10 /* GAIEcommercePromotion.h */ = {isa = PBXFileReference; fileEncoding = 4; lastKnownFileType = sourcecode.c.h; path = GAIEcommercePromotion.h; sourceTree = "<group>"; };
		79EFD8C01AF19E0900324A10 /* GAIFields.h */ = {isa = PBXFileReference; fileEncoding = 4; lastKnownFileType = sourcecode.c.h; path = GAIFields.h; sourceTree = "<group>"; };
		79EFD8C11AF19E0900324A10 /* GAILogger.h */ = {isa = PBXFileReference; fileEncoding = 4; lastKnownFileType = sourcecode.c.h; path = GAILogger.h; sourceTree = "<group>"; };
		79EFD8C21AF19E0900324A10 /* GAITrackedViewController.h */ = {isa = PBXFileReference; fileEncoding = 4; lastKnownFileType = sourcecode.c.h; path = GAITrackedViewController.h; sourceTree = "<group>"; };
		79EFD8C31AF19E0900324A10 /* GAITracker.h */ = {isa = PBXFileReference; fileEncoding = 4; lastKnownFileType = sourcecode.c.h; path = GAITracker.h; sourceTree = "<group>"; };
		79EFD8C41AF19E0900324A10 /* libGoogleAnalyticsServices.a */ = {isa = PBXFileReference; lastKnownFileType = archive.ar; path = libGoogleAnalyticsServices.a; sourceTree = "<group>"; };
		79EFD8C61AF19F0400324A10 /* CoreData.framework */ = {isa = PBXFileReference; lastKnownFileType = wrapper.framework; name = CoreData.framework; path = System/Library/Frameworks/CoreData.framework; sourceTree = SDKROOT; };
		79EFD8C81AF19F0C00324A10 /* SystemConfiguration.framework */ = {isa = PBXFileReference; lastKnownFileType = wrapper.framework; name = SystemConfiguration.framework; path = System/Library/Frameworks/SystemConfiguration.framework; sourceTree = SDKROOT; };
		79EFD8CA1AF19F1400324A10 /* libz.dylib */ = {isa = PBXFileReference; lastKnownFileType = "compiled.mach-o.dylib"; name = libz.dylib; path = usr/lib/libz.dylib; sourceTree = SDKROOT; };
		79EFD8CC1AF19F1B00324A10 /* libsqlite3.dylib */ = {isa = PBXFileReference; lastKnownFileType = "compiled.mach-o.dylib"; name = libsqlite3.dylib; path = usr/lib/libsqlite3.dylib; sourceTree = SDKROOT; };
/* End PBXFileReference section */

/* Begin PBXFrameworksBuildPhase section */
		7924344F1AF0B78000B3E256 /* Frameworks */ = {
			isa = PBXFrameworksBuildPhase;
			buildActionMask = 2147483647;
			files = (
			);
			runOnlyForDeploymentPostprocessing = 0;
		};
		7973939E1AE99C7200CB1D32 /* Frameworks */ = {
			isa = PBXFrameworksBuildPhase;
			buildActionMask = 2147483647;
			files = (
				79EFD8CD1AF19F1B00324A10 /* libsqlite3.dylib in Frameworks */,
				79EFD8CB1AF19F1400324A10 /* libz.dylib in Frameworks */,
				79EFD8C91AF19F0C00324A10 /* SystemConfiguration.framework in Frameworks */,
				79EFD8C71AF19F0400324A10 /* CoreData.framework in Frameworks */,
				79EFD8C51AF19E0900324A10 /* libGoogleAnalyticsServices.a in Frameworks */,
			);
			runOnlyForDeploymentPostprocessing = 0;
		};
/* End PBXFrameworksBuildPhase section */

/* Begin PBXGroup section */
		791D86B11AEEEC3000BCF9AA /* local */ = {
			isa = PBXGroup;
			children = (
				791D86B31AEEEF2A00BCF9AA /* FLLocalStorageUtils.swift */,
			);
			path = local;
			sourceTree = "<group>";
		};
		791D86B21AEEEC3000BCF9AA /* network */ = {
			isa = PBXGroup;
			children = (
				791D86B51AEEEFCC00BCF9AA /* FLHTTPUtils.swift */,
			);
			path = network;
			sourceTree = "<group>";
		};
		792434411AF084B300B3E256 /* routeselector */ = {
			isa = PBXGroup;
			children = (
				792434431AF084B300B3E256 /* NTVCRouteSelector.swift */,
				792434421AF084B300B3E256 /* NTTblCellRoutes.swift */,
			);
			path = routeselector;
			sourceTree = "<group>";
		};
		792434461AF0850200B3E256 /* stopselector */ = {
			isa = PBXGroup;
			children = (
				792434471AF0856000B3E256 /* NTVCStopSelector.swift */,
				792434491AF0856E00B3E256 /* NTTblCellStops.swift */,
			);
			path = stopselector;
			sourceTree = "<group>";
		};
		7924344B1AF08D3600B3E256 /* about */ = {
			isa = PBXGroup;
			children = (
				7924344C1AF08D4000B3E256 /* NTVCAbout.swift */,
			);
			path = about;
			sourceTree = "<group>";
		};
		792434531AF0B78000B3E256 /* Nextbus Tracker WatchKit Extension */ = {
			isa = PBXGroup;
			children = (
				792434761AF0B82700B3E256 /* src */,
				792434741AF0B82700B3E256 /* res */,
				792434791AF0B82700B3E256 /* supporting */,
			);
			path = "Nextbus Tracker WatchKit Extension";
			sourceTree = "<group>";
		};
		792434621AF0B78000B3E256 /* Nextbus Tracker WatchKit App */ = {
			isa = PBXGroup;
			children = (
				7924347F1AF0B85700B3E256 /* res */,
				792434831AF0B85700B3E256 /* supporting */,
			);
			path = "Nextbus Tracker WatchKit App";
			sourceTree = "<group>";
		};
		792434741AF0B82700B3E256 /* res */ = {
			isa = PBXGroup;
			children = (
				792434751AF0B82700B3E256 /* Images.xcassets */,
			);
			path = res;
			sourceTree = "<group>";
		};
		792434761AF0B82700B3E256 /* src */ = {
			isa = PBXGroup;
			children = (
				792434781AF0B82700B3E256 /* InterfaceController.swift */,
				792434771AF0B82700B3E256 /* GlanceController.swift */,
				792434891AF1463B00B3E256 /* NTTblRowStops.swift */,
			);
			path = src;
			sourceTree = "<group>";
		};
		792434791AF0B82700B3E256 /* supporting */ = {
			isa = PBXGroup;
			children = (
				7924347A1AF0B82700B3E256 /* Info.plist */,
			);
			path = supporting;
			sourceTree = "<group>";
		};
		7924347F1AF0B85700B3E256 /* res */ = {
			isa = PBXGroup;
			children = (
				792434801AF0B85700B3E256 /* Images.xcassets */,
				792434811AF0B85700B3E256 /* ui */,
			);
			path = res;
			sourceTree = "<group>";
		};
		792434811AF0B85700B3E256 /* ui */ = {
			isa = PBXGroup;
			children = (
				792434821AF0B85700B3E256 /* Interface.storyboard */,
			);
			path = ui;
			sourceTree = "<group>";
		};
		792434831AF0B85700B3E256 /* supporting */ = {
			isa = PBXGroup;
			children = (
				792434881AF0B8D100B3E256 /* Info.plist */,
			);
			path = supporting;
			sourceTree = "<group>";
		};
		7941BCA31AEED37000DB88D7 /* bookmarks */ = {
			isa = PBXGroup;
			children = (
				7941BCA41AEED37000DB88D7 /* NTVCBookmarks.swift */,
				791D86C11AEF4E9600BCF9AA /* NTTblCellBookmarks.swift */,
			);
			path = bookmarks;
			sourceTree = "<group>";
		};
		797393981AE99C7200CB1D32 = {
			isa = PBXGroup;
			children = (
				797393A31AE99C7200CB1D32 /* nextbus-tracker */,
				792434531AF0B78000B3E256 /* Nextbus Tracker WatchKit Extension */,
				792434621AF0B78000B3E256 /* Nextbus Tracker WatchKit App */,
				797393A21AE99C7200CB1D32 /* Products */,
			);
			sourceTree = "<group>";
		};
		797393A21AE99C7200CB1D32 /* Products */ = {
			isa = PBXGroup;
			children = (
				797393A11AE99C7200CB1D32 /* nextbus-tracker.app */,
				792434521AF0B78000B3E256 /* Nextbus Tracker WatchKit Extension.appex */,
				7924345E1AF0B78000B3E256 /* Nextbus Tracker WatchKit App.app */,
			);
			name = Products;
			sourceTree = "<group>";
		};
		797393A31AE99C7200CB1D32 /* nextbus-tracker */ = {
			isa = PBXGroup;
			children = (
				797393CC1AE99DA900CB1D32 /* src */,
				797393C81AE99DA900CB1D32 /* res */,
				797393D21AE99DA900CB1D32 /* supporting */,
			);
			path = "nextbus-tracker";
			sourceTree = "<group>";
		};
		797393C81AE99DA900CB1D32 /* res */ = {
			isa = PBXGroup;
			children = (
				797393C91AE99DA900CB1D32 /* Images.xcassets */,
				79EFD8B71AF175FF00324A10 /* iTunesArtwork */,
				797393CA1AE99DA900CB1D32 /* ui */,
			);
			path = res;
			sourceTree = "<group>";
		};
		797393CA1AE99DA900CB1D32 /* ui */ = {
			isa = PBXGroup;
			children = (
				797393CB1AE99DA900CB1D32 /* Main.storyboard */,
				797393D91AE99DDB00CB1D32 /* Launch Screen.xib */,
			);
			path = ui;
			sourceTree = "<group>";
		};
		797393CC1AE99DA900CB1D32 /* src */ = {
			isa = PBXGroup;
			children = (
				797D6EFA1AF0671C00596DCD /* utilities */,
				797393CF1AE99DA900CB1D32 /* models */,
				797393D01AE99DA900CB1D32 /* viewcontrollers */,
				797393CD1AE99DA900CB1D32 /* main */,
			);
			path = src;
			sourceTree = "<group>";
		};
		797393CD1AE99DA900CB1D32 /* main */ = {
			isa = PBXGroup;
			children = (
				791D86C01AEF3E1800BCF9AA /* nextbus-tracker-Bridging-Header.h */,
				797393CE1AE99DA900CB1D32 /* AppDelegate.swift */,
			);
			path = main;
			sourceTree = "<group>";
		};
		797393CF1AE99DA900CB1D32 /* models */ = {
			isa = PBXGroup;
			children = (
				791D86B11AEEEC3000BCF9AA /* local */,
				791D86B21AEEEC3000BCF9AA /* network */,
				791D86B71AEF03C300BCF9AA /* NTMNextbus.swift */,
			);
			path = models;
			sourceTree = "<group>";
		};
		797393D01AE99DA900CB1D32 /* viewcontrollers */ = {
			isa = PBXGroup;
			children = (
				7941BCA31AEED37000DB88D7 /* bookmarks */,
				792434411AF084B300B3E256 /* routeselector */,
				792434461AF0850200B3E256 /* stopselector */,
				7924344B1AF08D3600B3E256 /* about */,
			);
			path = viewcontrollers;
			sourceTree = "<group>";
		};
		797393D21AE99DA900CB1D32 /* supporting */ = {
			isa = PBXGroup;
			children = (
				797393D31AE99DA900CB1D32 /* Info.plist */,
				79EFD8CC1AF19F1B00324A10 /* libsqlite3.dylib */,
				79EFD8CA1AF19F1400324A10 /* libz.dylib */,
				79EFD8C81AF19F0C00324A10 /* SystemConfiguration.framework */,
				79EFD8C61AF19F0400324A10 /* CoreData.framework */,
			);
			path = supporting;
			sourceTree = "<group>";
		};
		797D6EFA1AF0671C00596DCD /* utilities */ = {
			isa = PBXGroup;
			children = (
				797D6EFB1AF0671C00596DCD /* thirdparty */,
				797D6F001AF0673100596DCD /* NTGlobal.swift */,
			);
			path = utilities;
			sourceTree = "<group>";
		};
		797D6EFB1AF0671C00596DCD /* thirdparty */ = {
			isa = PBXGroup;
			children = (
				79EFD8B91AF19E0900324A10 /* GoogleAnalytics */,
				797D6EFC1AF0671C00596DCD /* XMLDictionary */,
			);
			path = thirdparty;
			sourceTree = "<group>";
		};
		797D6EFC1AF0671C00596DCD /* XMLDictionary */ = {
			isa = PBXGroup;
			children = (
				797D6EFD1AF0671C00596DCD /* XMLDictionary.h */,
				797D6EFE1AF0671C00596DCD /* XMLDictionary.m */,
			);
			path = XMLDictionary;
			sourceTree = "<group>";
		};
		79EFD8B91AF19E0900324A10 /* GoogleAnalytics */ = {
			isa = PBXGroup;
			children = (
				79EFD8BA1AF19E0900324A10 /* GAI.h */,
				79EFD8BB1AF19E0900324A10 /* GAIDictionaryBuilder.h */,
				79EFD8BC1AF19E0900324A10 /* GAIEcommerceFields.h */,
				79EFD8BD1AF19E0900324A10 /* GAIEcommerceProduct.h */,
				79EFD8BE1AF19E0900324A10 /* GAIEcommerceProductAction.h */,
				79EFD8BF1AF19E0900324A10 /* GAIEcommercePromotion.h */,
				79EFD8C01AF19E0900324A10 /* GAIFields.h */,
				79EFD8C11AF19E0900324A10 /* GAILogger.h */,
				79EFD8C21AF19E0900324A10 /* GAITrackedViewController.h */,
				79EFD8C31AF19E0900324A10 /* GAITracker.h */,
				79EFD8C41AF19E0900324A10 /* libGoogleAnalyticsServices.a */,
			);
			path = GoogleAnalytics;
			sourceTree = "<group>";
		};
/* End PBXGroup section */

/* Begin PBXNativeTarget section */
		792434511AF0B78000B3E256 /* Nextbus Tracker WatchKit Extension */ = {
			isa = PBXNativeTarget;
			buildConfigurationList = 792434701AF0B78100B3E256 /* Build configuration list for PBXNativeTarget "Nextbus Tracker WatchKit Extension" */;
			buildPhases = (
				7924344E1AF0B78000B3E256 /* Sources */,
				7924344F1AF0B78000B3E256 /* Frameworks */,
				792434501AF0B78000B3E256 /* Resources */,
			);
			buildRules = (
			);
			dependencies = (
				792434611AF0B78000B3E256 /* PBXTargetDependency */,
			);
			name = "Nextbus Tracker WatchKit Extension";
			productName = "Nextbus Tracker WatchKit Extension";
			productReference = 792434521AF0B78000B3E256 /* Nextbus Tracker WatchKit Extension.appex */;
			productType = "com.apple.product-type.watchkit-extension";
		};
		7924345D1AF0B78000B3E256 /* Nextbus Tracker WatchKit App */ = {
			isa = PBXNativeTarget;
			buildConfigurationList = 7924346D1AF0B78100B3E256 /* Build configuration list for PBXNativeTarget "Nextbus Tracker WatchKit App" */;
			buildPhases = (
				7924345C1AF0B78000B3E256 /* Resources */,
			);
			buildRules = (
			);
			dependencies = (
			);
			name = "Nextbus Tracker WatchKit App";
			productName = "Nextbus Tracker WatchKit App";
			productReference = 7924345E1AF0B78000B3E256 /* Nextbus Tracker WatchKit App.app */;
			productType = "com.apple.product-type.application.watchapp";
		};
		797393A01AE99C7200CB1D32 /* nextbus-tracker */ = {
			isa = PBXNativeTarget;
			buildConfigurationList = 797393C01AE99C7300CB1D32 /* Build configuration list for PBXNativeTarget "nextbus-tracker" */;
			buildPhases = (
				7973939D1AE99C7200CB1D32 /* Sources */,
				7973939E1AE99C7200CB1D32 /* Frameworks */,
				7973939F1AE99C7200CB1D32 /* Resources */,
				792434731AF0B78100B3E256 /* Embed App Extensions */,
			);
			buildRules = (
			);
			dependencies = (
				7924346B1AF0B78000B3E256 /* PBXTargetDependency */,
			);
			name = "nextbus-tracker";
			productName = "nextbus-tracker";
			productReference = 797393A11AE99C7200CB1D32 /* nextbus-tracker.app */;
			productType = "com.apple.product-type.application";
		};
/* End PBXNativeTarget section */

/* Begin PBXProject section */
		797393991AE99C7200CB1D32 /* Project object */ = {
			isa = PBXProject;
			attributes = {
				LastUpgradeCheck = 0630;
				ORGANIZATIONNAME = "Yunzhu Li";
				TargetAttributes = {
					792434511AF0B78000B3E256 = {
						CreatedOnToolsVersion = 6.3.1;
						DevelopmentTeam = 67THR6ABFT;
					};
					7924345D1AF0B78000B3E256 = {
						CreatedOnToolsVersion = 6.3.1;
						DevelopmentTeam = 67THR6ABFT;
					};
					797393A01AE99C7200CB1D32 = {
						CreatedOnToolsVersion = 6.3.1;
						DevelopmentTeam = 67THR6ABFT;
					};
				};
			};
			buildConfigurationList = 7973939C1AE99C7200CB1D32 /* Build configuration list for PBXProject "nextbus-tracker" */;
			compatibilityVersion = "Xcode 3.2";
			developmentRegion = English;
			hasScannedForEncodings = 0;
			knownRegions = (
				en,
				Base,
			);
			mainGroup = 797393981AE99C7200CB1D32;
			productRefGroup = 797393A21AE99C7200CB1D32 /* Products */;
			projectDirPath = "";
			projectRoot = "";
			targets = (
				797393A01AE99C7200CB1D32 /* nextbus-tracker */,
				792434511AF0B78000B3E256 /* Nextbus Tracker WatchKit Extension */,
				7924345D1AF0B78000B3E256 /* Nextbus Tracker WatchKit App */,
			);
		};
/* End PBXProject section */

/* Begin PBXResourcesBuildPhase section */
		792434501AF0B78000B3E256 /* Resources */ = {
			isa = PBXResourcesBuildPhase;
			buildActionMask = 2147483647;
			files = (
				7924345F1AF0B78000B3E256 /* Nextbus Tracker WatchKit App.app in Resources */,
				7924347B1AF0B82700B3E256 /* Images.xcassets in Resources */,
			);
			runOnlyForDeploymentPostprocessing = 0;
		};
		7924345C1AF0B78000B3E256 /* Resources */ = {
			isa = PBXResourcesBuildPhase;
			buildActionMask = 2147483647;
			files = (
				792434861AF0B85700B3E256 /* Interface.storyboard in Resources */,
				792434851AF0B85700B3E256 /* Images.xcassets in Resources */,
			);
			runOnlyForDeploymentPostprocessing = 0;
		};
		7973939F1AE99C7200CB1D32 /* Resources */ = {
			isa = PBXResourcesBuildPhase;
			buildActionMask = 2147483647;
			files = (
				797393D41AE99DA900CB1D32 /* Images.xcassets in Resources */,
				797393DA1AE99DDB00CB1D32 /* Launch Screen.xib in Resources */,
				797393D51AE99DA900CB1D32 /* Main.storyboard in Resources */,
				79EFD8B81AF175FF00324A10 /* iTunesArtwork in Resources */,
			);
			runOnlyForDeploymentPostprocessing = 0;
		};
/* End PBXResourcesBuildPhase section */

/* Begin PBXSourcesBuildPhase section */
		7924344E1AF0B78000B3E256 /* Sources */ = {
			isa = PBXSourcesBuildPhase;
			buildActionMask = 2147483647;
			files = (
				7924348A1AF1463B00B3E256 /* NTTblRowStops.swift in Sources */,
				7924347C1AF0B82700B3E256 /* GlanceController.swift in Sources */,
				7924347D1AF0B82700B3E256 /* InterfaceController.swift in Sources */,
			);
			runOnlyForDeploymentPostprocessing = 0;
		};
		7973939D1AE99C7200CB1D32 /* Sources */ = {
			isa = PBXSourcesBuildPhase;
			buildActionMask = 2147483647;
			files = (
				792434441AF084B300B3E256 /* NTTblCellRoutes.swift in Sources */,
				7941BCA51AEED37000DB88D7 /* NTVCBookmarks.swift in Sources */,
				792434481AF0856000B3E256 /* NTVCStopSelector.swift in Sources */,
				791D86C21AEF4E9600BCF9AA /* NTTblCellBookmarks.swift in Sources */,
				791D86B41AEEEF2A00BCF9AA /* FLLocalStorageUtils.swift in Sources */,
				797D6F011AF0673100596DCD /* NTGlobal.swift in Sources */,
				797393D61AE99DA900CB1D32 /* AppDelegate.swift in Sources */,
				791D86B61AEEEFCC00BCF9AA /* FLHTTPUtils.swift in Sources */,
				7924344A1AF0856E00B3E256 /* NTTblCellStops.swift in Sources */,
				792434451AF084B300B3E256 /* NTVCRouteSelector.swift in Sources */,
				791D86B81AEF03C300BCF9AA /* NTMNextbus.swift in Sources */,
				7924344D1AF08D4000B3E256 /* NTVCAbout.swift in Sources */,
				797D6EFF1AF0671C00596DCD /* XMLDictionary.m in Sources */,
			);
			runOnlyForDeploymentPostprocessing = 0;
		};
/* End PBXSourcesBuildPhase section */

/* Begin PBXTargetDependency section */
		792434611AF0B78000B3E256 /* PBXTargetDependency */ = {
			isa = PBXTargetDependency;
			target = 7924345D1AF0B78000B3E256 /* Nextbus Tracker WatchKit App */;
			targetProxy = 792434601AF0B78000B3E256 /* PBXContainerItemProxy */;
		};
		7924346B1AF0B78000B3E256 /* PBXTargetDependency */ = {
			isa = PBXTargetDependency;
			target = 792434511AF0B78000B3E256 /* Nextbus Tracker WatchKit Extension */;
			targetProxy = 7924346A1AF0B78000B3E256 /* PBXContainerItemProxy */;
		};
/* End PBXTargetDependency section */

/* Begin XCBuildConfiguration section */
		7924346E1AF0B78100B3E256 /* Debug */ = {
			isa = XCBuildConfiguration;
			buildSettings = {
				ASSETCATALOG_COMPILER_APPICON_NAME = AppIcon;
				CODE_SIGN_IDENTITY = "iPhone Developer";
				"CODE_SIGN_IDENTITY[sdk=iphoneos*]" = "iPhone Developer";
				GCC_PREPROCESSOR_DEFINITIONS = (
					"DEBUG=1",
					"$(inherited)",
				);
				IBSC_MODULE = Nextbus_Tracker_WatchKit_Extension;
				INFOPLIST_FILE = "$(SRCROOT)/Nextbus Tracker WatchKit App/supporting/Info.plist";
				IPHONEOS_DEPLOYMENT_TARGET = 8.2;
				PRODUCT_NAME = "$(TARGET_NAME)";
				PROVISIONING_PROFILE = "";
				SKIP_INSTALL = YES;
				TARGETED_DEVICE_FAMILY = 4;
				"TARGETED_DEVICE_FAMILY[sdk=iphonesimulator*]" = "1,4";
			};
			name = Debug;
		};
		7924346F1AF0B78100B3E256 /* Release */ = {
			isa = XCBuildConfiguration;
			buildSettings = {
				ASSETCATALOG_COMPILER_APPICON_NAME = AppIcon;
				CODE_SIGN_IDENTITY = "iPhone Distribution";
				"CODE_SIGN_IDENTITY[sdk=iphoneos*]" = "iPhone Distribution";
				IBSC_MODULE = Nextbus_Tracker_WatchKit_Extension;
				INFOPLIST_FILE = "$(SRCROOT)/Nextbus Tracker WatchKit App/supporting/Info.plist";
				IPHONEOS_DEPLOYMENT_TARGET = 8.2;
				PRODUCT_NAME = "$(TARGET_NAME)";
				PROVISIONING_PROFILE = "";
				SKIP_INSTALL = YES;
				TARGETED_DEVICE_FAMILY = 4;
				"TARGETED_DEVICE_FAMILY[sdk=iphonesimulator*]" = "1,4";
			};
			name = Release;
		};
		792434711AF0B78100B3E256 /* Debug */ = {
			isa = XCBuildConfiguration;
			buildSettings = {
				GCC_PREPROCESSOR_DEFINITIONS = (
					"DEBUG=1",
					"$(inherited)",
				);
				INFOPLIST_FILE = "$(SRCROOT)/Nextbus Tracker WatchKit Extension/supporting/Info.plist";
				LD_RUNPATH_SEARCH_PATHS = "$(inherited) @executable_path/Frameworks @executable_path/../../Frameworks";
				PRODUCT_NAME = "${TARGET_NAME}";
				SKIP_INSTALL = YES;
			};
			name = Debug;
		};
		792434721AF0B78100B3E256 /* Release */ = {
			isa = XCBuildConfiguration;
			buildSettings = {
				INFOPLIST_FILE = "$(SRCROOT)/Nextbus Tracker WatchKit Extension/supporting/Info.plist";
				LD_RUNPATH_SEARCH_PATHS = "$(inherited) @executable_path/Frameworks @executable_path/../../Frameworks";
				PRODUCT_NAME = "${TARGET_NAME}";
				SKIP_INSTALL = YES;
			};
			name = Release;
		};
		797393BE1AE99C7300CB1D32 /* Debug */ = {
			isa = XCBuildConfiguration;
			buildSettings = {
				ALWAYS_SEARCH_USER_PATHS = NO;
				CLANG_CXX_LANGUAGE_STANDARD = "gnu++0x";
				CLANG_CXX_LIBRARY = "libc++";
				CLANG_ENABLE_MODULES = YES;
				CLANG_ENABLE_OBJC_ARC = YES;
				CLANG_WARN_BOOL_CONVERSION = YES;
				CLANG_WARN_CONSTANT_CONVERSION = YES;
				CLANG_WARN_DIRECT_OBJC_ISA_USAGE = YES_ERROR;
				CLANG_WARN_EMPTY_BODY = YES;
				CLANG_WARN_ENUM_CONVERSION = YES;
				CLANG_WARN_INT_CONVERSION = YES;
				CLANG_WARN_OBJC_ROOT_CLASS = YES_ERROR;
				CLANG_WARN_UNREACHABLE_CODE = YES;
				CLANG_WARN__DUPLICATE_METHOD_MATCH = YES;
				CODE_SIGN_IDENTITY = "iPhone Developer";
				"CODE_SIGN_IDENTITY[sdk=iphoneos*]" = "iPhone Developer";
				COPY_PHASE_STRIP = NO;
				DEBUG_INFORMATION_FORMAT = "dwarf-with-dsym";
				ENABLE_STRICT_OBJC_MSGSEND = YES;
				GCC_C_LANGUAGE_STANDARD = gnu99;
				GCC_DYNAMIC_NO_PIC = NO;
				GCC_NO_COMMON_BLOCKS = YES;
				GCC_OPTIMIZATION_LEVEL = 0;
				GCC_PREPROCESSOR_DEFINITIONS = (
					"DEBUG=1",
					"$(inherited)",
				);
				GCC_SYMBOLS_PRIVATE_EXTERN = NO;
				GCC_WARN_64_TO_32_BIT_CONVERSION = YES;
				GCC_WARN_ABOUT_RETURN_TYPE = YES_ERROR;
				GCC_WARN_UNDECLARED_SELECTOR = YES;
				GCC_WARN_UNINITIALIZED_AUTOS = YES_AGGRESSIVE;
				GCC_WARN_UNUSED_FUNCTION = YES;
				GCC_WARN_UNUSED_VARIABLE = YES;
				IPHONEOS_DEPLOYMENT_TARGET = 8.3;
				MTL_ENABLE_DEBUG_INFO = YES;
				ONLY_ACTIVE_ARCH = YES;
				SDKROOT = iphoneos;
				SWIFT_OPTIMIZATION_LEVEL = "-Onone";
				TARGETED_DEVICE_FAMILY = "1,2";
			};
			name = Debug;
		};
		797393BF1AE99C7300CB1D32 /* Release */ = {
			isa = XCBuildConfiguration;
			buildSettings = {
				ALWAYS_SEARCH_USER_PATHS = NO;
				CLANG_CXX_LANGUAGE_STANDARD = "gnu++0x";
				CLANG_CXX_LIBRARY = "libc++";
				CLANG_ENABLE_MODULES = YES;
				CLANG_ENABLE_OBJC_ARC = YES;
				CLANG_WARN_BOOL_CONVERSION = YES;
				CLANG_WARN_CONSTANT_CONVERSION = YES;
				CLANG_WARN_DIRECT_OBJC_ISA_USAGE = YES_ERROR;
				CLANG_WARN_EMPTY_BODY = YES;
				CLANG_WARN_ENUM_CONVERSION = YES;
				CLANG_WARN_INT_CONVERSION = YES;
				CLANG_WARN_OBJC_ROOT_CLASS = YES_ERROR;
				CLANG_WARN_UNREACHABLE_CODE = YES;
				CLANG_WARN__DUPLICATE_METHOD_MATCH = YES;
				CODE_SIGN_IDENTITY = "iPhone Distribution";
				"CODE_SIGN_IDENTITY[sdk=iphoneos*]" = "iPhone Distribution";
				COPY_PHASE_STRIP = NO;
				DEBUG_INFORMATION_FORMAT = "dwarf-with-dsym";
				ENABLE_NS_ASSERTIONS = NO;
				ENABLE_STRICT_OBJC_MSGSEND = YES;
				GCC_C_LANGUAGE_STANDARD = gnu99;
				GCC_NO_COMMON_BLOCKS = YES;
				GCC_WARN_64_TO_32_BIT_CONVERSION = YES;
				GCC_WARN_ABOUT_RETURN_TYPE = YES_ERROR;
				GCC_WARN_UNDECLARED_SELECTOR = YES;
				GCC_WARN_UNINITIALIZED_AUTOS = YES_AGGRESSIVE;
				GCC_WARN_UNUSED_FUNCTION = YES;
				GCC_WARN_UNUSED_VARIABLE = YES;
				IPHONEOS_DEPLOYMENT_TARGET = 8.3;
				MTL_ENABLE_DEBUG_INFO = NO;
				SDKROOT = iphoneos;
				TARGETED_DEVICE_FAMILY = "1,2";
				VALIDATE_PRODUCT = YES;
			};
			name = Release;
		};
		797393C11AE99C7300CB1D32 /* Debug */ = {
			isa = XCBuildConfiguration;
			buildSettings = {
				ASSETCATALOG_COMPILER_APPICON_NAME = AppIcon;
				CLANG_ENABLE_MODULES = YES;
				INFOPLIST_FILE = "nextbus-tracker/supporting/Info.plist";
				IPHONEOS_DEPLOYMENT_TARGET = 8.2;
				LD_RUNPATH_SEARCH_PATHS = "$(inherited) @executable_path/Frameworks";
				LIBRARY_SEARCH_PATHS = (
					"$(inherited)",
					"$(PROJECT_DIR)/nextbus-tracker/src/utilities/thirdparty/GoogleAnalytics",
				);
				PRODUCT_NAME = "$(TARGET_NAME)";
				SWIFT_OBJC_BRIDGING_HEADER = "nextbus-tracker/src/main/nextbus-tracker-Bridging-Header.h";
				SWIFT_OPTIMIZATION_LEVEL = "-Onone";
			};
			name = Debug;
		};
		797393C21AE99C7300CB1D32 /* Release */ = {
			isa = XCBuildConfiguration;
			buildSettings = {
				ASSETCATALOG_COMPILER_APPICON_NAME = AppIcon;
				CLANG_ENABLE_MODULES = YES;
				INFOPLIST_FILE = "nextbus-tracker/supporting/Info.plist";
				IPHONEOS_DEPLOYMENT_TARGET = 8.2;
				LD_RUNPATH_SEARCH_PATHS = "$(inherited) @executable_path/Frameworks";
				LIBRARY_SEARCH_PATHS = (
					"$(inherited)",
					"$(PROJECT_DIR)/nextbus-tracker/src/utilities/thirdparty/GoogleAnalytics",
				);
				PRODUCT_NAME = "$(TARGET_NAME)";
				SWIFT_OBJC_BRIDGING_HEADER = "nextbus-tracker/src/main/nextbus-tracker-Bridging-Header.h";
			};
			name = Release;
		};
/* End XCBuildConfiguration section */

/* Begin XCConfigurationList section */
		7924346D1AF0B78100B3E256 /* Build configuration list for PBXNativeTarget "Nextbus Tracker WatchKit App" */ = {
			isa = XCConfigurationList;
			buildConfigurations = (
				7924346E1AF0B78100B3E256 /* Debug */,
				7924346F1AF0B78100B3E256 /* Release */,
			);
			defaultConfigurationIsVisible = 0;
			defaultConfigurationName = Release;
		};
		792434701AF0B78100B3E256 /* Build configuration list for PBXNativeTarget "Nextbus Tracker WatchKit Extension" */ = {
			isa = XCConfigurationList;
			buildConfigurations = (
				792434711AF0B78100B3E256 /* Debug */,
				792434721AF0B78100B3E256 /* Release */,
			);
			defaultConfigurationIsVisible = 0;
			defaultConfigurationName = Release;
		};
		7973939C1AE99C7200CB1D32 /* Build configuration list for PBXProject "nextbus-tracker" */ = {
			isa = XCConfigurationList;
			buildConfigurations = (
				797393BE1AE99C7300CB1D32 /* Debug */,
				797393BF1AE99C7300CB1D32 /* Release */,
			);
			defaultConfigurationIsVisible = 0;
			defaultConfigurationName = Release;
		};
		797393C01AE99C7300CB1D32 /* Build configuration list for PBXNativeTarget "nextbus-tracker" */ = {
			isa = XCConfigurationList;
			buildConfigurations = (
				797393C11AE99C7300CB1D32 /* Debug */,
				797393C21AE99C7300CB1D32 /* Release */,
			);
			defaultConfigurationIsVisible = 0;
			defaultConfigurationName = Release;
		};
/* End XCConfigurationList section */
	};
	rootObject = 797393991AE99C7200CB1D32 /* Project object */;
}
